{
    "requires": true,
    "lockfileVersion": 1,
    "dependencies": {
        "bower": {
            "version": "1.8.4",
            "resolved": "https://registry.npmjs.org/bower/-/bower-1.8.4.tgz",
            "integrity": "sha1-54dqB23rgTf30GUl3F6MZtuC8oo="
        },
        "json-schema": {
            "version": "0.2.3",
            "resolved": "https://registry.npmjs.org/json-schema/-/json-schema-0.2.3.tgz",
            "integrity": "sha1-tIDIkuWaLwWVTOcnvT8qTogvnhM="
        }
    }
}
